
Microsoft Visual Studio Solution File, Format Version 12.00
# Visual Studio Version 17
VisualStudioVersion = 17.5.33530.505
MinimumVisualStudioVersion = 10.0.40219.1
Project("{FAE04EC0-301F-11D3-BF4B-00C04F79EFBC}") = "interfaceFinal", "interfaceFinal.csproj", "{3BABA62E-0A68-4233-A7AE-531B80B336C7}"
EndProject
Global
	GlobalSection(SolutionConfigurationPlatforms) = preSolution
		Debug|Any CPU = Debug|Any CPU
		Release|Any CPU = Release|Any CPU
	EndGlobalSection
	GlobalSection(ProjectConfigurationPlatforms) = postSolution
		{3BABA62E-0A68-4233-A7AE-531B80B336C7}.Debug|Any CPU.ActiveCfg = Debug|Any CPU
		{3BABA62E-0A68-4233-A7AE-531B80B336C7}.Debug|Any CPU.Build.0 = Debug|Any CPU
		{3BABA62E-0A68-4233-A7AE-531B80B336C7}.Release|Any CPU.ActiveCfg = Release|Any CPU
		{3BABA62E-0A68-4233-A7AE-531B80B336C7}.Release|Any CPU.Build.0 = Release|Any CPU
	EndGlobalSection
	GlobalSection(SolutionProperties) = preSolution
		HideSolutionNode = FALSE
	EndGlobalSection
	GlobalSection(ExtensibilityGlobals) = postSolution
		SolutionGuid = {36ED3344-2B47-4581-BC26-A51BF0AB7905}
	EndGlobalSection
EndGlobal
